
Microsoft Visual Studio Solution File, Format Version 12.00
# Visual Studio Version 16
VisualStudioVersion = 16.0.29411.108
MinimumVisualStudioVersion = 10.0.40219.1
Project("{FAE04EC0-301F-11D3-BF4B-00C04F79EFBC}") = "WinCertes", "WinCertes\WinCertes.csproj", "{82F5A366-760D-4108-B48A-C682D68085E6}"
EndProject
Project("{FAE04EC0-301F-11D3-BF4B-00C04F79EFBC}") = "MSIPackaging", "MSIPackaging\MSIPackaging.csproj", "{D7C78EA2-F59B-4352-B0FA-4A7DB069067A}"
	ProjectSection(ProjectDependencies) = postProject
		{82F5A366-760D-4108-B48A-C682D68085E6} = {82F5A366-760D-4108-B48A-C682D68085E6}
	EndProjectSection
EndProject
Project("{FAE04EC0-301F-11D3-BF4B-00C04F79EFBC}") = "WinCertes.Test", "WinCertes.Test\WinCertes.Test.csproj", "{7934DF92-5054-4D80-8FBF-2FD06B9DA3DB}"
EndProject
Global
	GlobalSection(SolutionConfigurationPlatforms) = preSolution
		Debug|Any CPU = Debug|Any CPU
		Release|Any CPU = Release|Any CPU
	EndGlobalSection
	GlobalSection(ProjectConfigurationPlatforms) = postSolution
		{82F5A366-760D-4108-B48A-C682D68085E6}.Debug|Any CPU.ActiveCfg = Debug|Any CPU
		{82F5A366-760D-4108-B48A-C682D68085E6}.Debug|Any CPU.Build.0 = Debug|Any CPU
		{82F5A366-760D-4108-B48A-C682D68085E6}.Release|Any CPU.ActiveCfg = Release|Any CPU
		{82F5A366-760D-4108-B48A-C682D68085E6}.Release|Any CPU.Build.0 = Release|Any CPU
		{D7C78EA2-F59B-4352-B0FA-4A7DB069067A}.Debug|Any CPU.ActiveCfg = Debug|Any CPU
		{D7C78EA2-F59B-4352-B0FA-4A7DB069067A}.Debug|Any CPU.Build.0 = Debug|Any CPU
		{D7C78EA2-F59B-4352-B0FA-4A7DB069067A}.Release|Any CPU.ActiveCfg = Release|Any CPU
		{D7C78EA2-F59B-4352-B0FA-4A7DB069067A}.Release|Any CPU.Build.0 = Release|Any CPU
		{7934DF92-5054-4D80-8FBF-2FD06B9DA3DB}.Debug|Any CPU.ActiveCfg = Debug|Any CPU
		{7934DF92-5054-4D80-8FBF-2FD06B9DA3DB}.Debug|Any CPU.Build.0 = Debug|Any CPU
		{7934DF92-5054-4D80-8FBF-2FD06B9DA3DB}.Release|Any CPU.ActiveCfg = Release|Any CPU
		{7934DF92-5054-4D80-8FBF-2FD06B9DA3DB}.Release|Any CPU.Build.0 = Release|Any CPU
	EndGlobalSection
	GlobalSection(SolutionProperties) = preSolution
		HideSolutionNode = FALSE
	EndGlobalSection
	GlobalSection(ExtensibilityGlobals) = postSolution
		SolutionGuid = {12739B4C-8FF5-4D98-8BF4-B00896B52EC5}
	EndGlobalSection
EndGlobal
